
Microsoft Visual Studio Solution File, Format Version 12.00
# Visual Studio Version 17
VisualStudioVersion = 17.7.34202.233
MinimumVisualStudioVersion = 10.0.40219.1
Project("{FAE04EC0-301F-11D3-BF4B-00C04F79EFBC}") = "АСК-ЭПБ", "АСК-ЭПБ\АСК-ЭПБ.csproj", "{0279EF0F-9E5F-4992-AB97-479DC14CA961}"
EndProject
Global
	GlobalSection(SolutionConfigurationPlatforms) = preSolution
		Debug|Any CPU = Debug|Any CPU
		Release|Any CPU = Release|Any CPU
	EndGlobalSection
	GlobalSection(ProjectConfigurationPlatforms) = postSolution
		{0279EF0F-9E5F-4992-AB97-479DC14CA961}.Debug|Any CPU.ActiveCfg = Debug|Any CPU
		{0279EF0F-9E5F-4992-AB97-479DC14CA961}.Debug|Any CPU.Build.0 = Debug|Any CPU
		{0279EF0F-9E5F-4992-AB97-479DC14CA961}.Release|Any CPU.ActiveCfg = Release|Any CPU
		{0279EF0F-9E5F-4992-AB97-479DC14CA961}.Release|Any CPU.Build.0 = Release|Any CPU
	EndGlobalSection
	GlobalSection(SolutionProperties) = preSolution
		HideSolutionNode = FALSE
	EndGlobalSection
	GlobalSection(ExtensibilityGlobals) = postSolution
		SolutionGuid = {8EA9CBC8-6C1F-426C-99AD-7A2A46972CA0}
	EndGlobalSection
EndGlobal
